Microsoft Visual Studio Solution File, Format Version 12.00
# Visual Studio Version 16
VisualStudioVersion = 16.0.31320.298
MinimumVisualStudioVersion = 10.0.40219.1
Project("{8BC9CEB8-8B4A-11D0-8D11-00A0C91BC942}") = "GuitarFineTuneP_App", "GuitarFineTuneP_App.vcxproj", "{5F11C54A-E1F5-0119-1E0A-E26E0B8E911C}"
EndProject
Project("{C7167F0D-BC9F-4E6E-AFE1-012C56B48DB5}") = "GuitarFineTuneP_Pack", "..\..\Microsoft_Store\guitarFineTune_Pack\GuitarFineTuneP_Pack.wapproj", "{9D15A783-3F8D-4502-A6D9-77C3789A05C8}"
EndProject
Global
	GlobalSection(SolutionConfigurationPlatforms) = preSolution
		Debug|Any CPU = Debug|Any CPU
		Debug|ARM = Debug|ARM
		Debug|ARM64 = Debug|ARM64
		Debug|x64 = Debug|x64
		Debug|x86 = Debug|x86
		Release|Any CPU = Release|Any CPU
		Release|ARM = Release|ARM
		Release|ARM64 = Release|ARM64
		Release|x64 = Release|x64
		Release|x86 = Release|x86
	EndGlobalSection
	GlobalSection(ProjectConfigurationPlatforms) = postSolution
		{5F11C54A-E1F5-0119-1E0A-E26E0B8E911C}.Debug|Any CPU.ActiveCfg = Debug|x64
		{5F11C54A-E1F5-0119-1E0A-E26E0B8E911C}.Debug|ARM.ActiveCfg = Debug|x64
		{5F11C54A-E1F5-0119-1E0A-E26E0B8E911C}.Debug|ARM64.ActiveCfg = Debug|x64
		{5F11C54A-E1F5-0119-1E0A-E26E0B8E911C}.Debug|x64.ActiveCfg = Debug|x64
		{5F11C54A-E1F5-0119-1E0A-E26E0B8E911C}.Debug|x64.Build.0 = Debug|x64
		{5F11C54A-E1F5-0119-1E0A-E26E0B8E911C}.Debug|x86.ActiveCfg = Debug|x64
		{5F11C54A-E1F5-0119-1E0A-E26E0B8E911C}.Release|Any CPU.ActiveCfg = Release|x64
		{5F11C54A-E1F5-0119-1E0A-E26E0B8E911C}.Release|ARM.ActiveCfg = Release|x64
		{5F11C54A-E1F5-0119-1E0A-E26E0B8E911C}.Release|ARM64.ActiveCfg = Release|x64
		{5F11C54A-E1F5-0119-1E0A-E26E0B8E911C}.Release|x64.ActiveCfg = Release|x64
		{5F11C54A-E1F5-0119-1E0A-E26E0B8E911C}.Release|x64.Build.0 = Release|x64
		{5F11C54A-E1F5-0119-1E0A-E26E0B8E911C}.Release|x86.ActiveCfg = Release|x64
		{9D15A783-3F8D-4502-A6D9-77C3789A05C8}.Debug|Any CPU.ActiveCfg = Debug|Any CPU
		{9D15A783-3F8D-4502-A6D9-77C3789A05C8}.Debug|Any CPU.Build.0 = Debug|Any CPU
		{9D15A783-3F8D-4502-A6D9-77C3789A05C8}.Debug|Any CPU.Deploy.0 = Debug|Any CPU
		{9D15A783-3F8D-4502-A6D9-77C3789A05C8}.Debug|ARM.ActiveCfg = Debug|ARM
		{9D15A783-3F8D-4502-A6D9-77C3789A05C8}.Debug|ARM.Build.0 = Debug|ARM
		{9D15A783-3F8D-4502-A6D9-77C3789A05C8}.Debug|ARM.Deploy.0 = Debug|ARM
		{9D15A783-3F8D-4502-A6D9-77C3789A05C8}.Debug|ARM64.ActiveCfg = Debug|ARM64
		{9D15A783-3F8D-4502-A6D9-77C3789A05C8}.Debug|ARM64.Build.0 = Debug|ARM64
		{9D15A783-3F8D-4502-A6D9-77C3789A05C8}.Debug|ARM64.Deploy.0 = Debug|ARM64
		{9D15A783-3F8D-4502-A6D9-77C3789A05C8}.Debug|x64.ActiveCfg = Debug|x64
		{9D15A783-3F8D-4502-A6D9-77C3789A05C8}.Debug|x64.Build.0 = Debug|x64
		{9D15A783-3F8D-4502-A6D9-77C3789A05C8}.Debug|x64.Deploy.0 = Debug|x64
		{9D15A783-3F8D-4502-A6D9-77C3789A05C8}.Debug|x86.ActiveCfg = Debug|x86
		{9D15A783-3F8D-4502-A6D9-77C3789A05C8}.Debug|x86.Build.0 = Debug|x86
		{9D15A783-3F8D-4502-A6D9-77C3789A05C8}.Debug|x86.Deploy.0 = Debug|x86
		{9D15A783-3F8D-4502-A6D9-77C3789A05C8}.Release|Any CPU.ActiveCfg = Release|Any CPU
		{9D15A783-3F8D-4502-A6D9-77C3789A05C8}.Release|Any CPU.Build.0 = Release|Any CPU
		{9D15A783-3F8D-4502-A6D9-77C3789A05C8}.Release|Any CPU.Deploy.0 = Release|Any CPU
		{9D15A783-3F8D-4502-A6D9-77C3789A05C8}.Release|ARM.ActiveCfg = Release|ARM
		{9D15A783-3F8D-4502-A6D9-77C3789A05C8}.Release|ARM.Build.0 = Release|ARM
		{9D15A783-3F8D-4502-A6D9-77C3789A05C8}.Release|ARM.Deploy.0 = Release|ARM
		{9D15A783-3F8D-4502-A6D9-77C3789A05C8}.Release|ARM64.ActiveCfg = Release|ARM64
		{9D15A783-3F8D-4502-A6D9-77C3789A05C8}.Release|ARM64.Build.0 = Release|ARM64
		{9D15A783-3F8D-4502-A6D9-77C3789A05C8}.Release|ARM64.Deploy.0 = Release|ARM64
		{9D15A783-3F8D-4502-A6D9-77C3789A05C8}.Release|x64.ActiveCfg = Release|x64
		{9D15A783-3F8D-4502-A6D9-77C3789A05C8}.Release|x64.Build.0 = Release|x64
		{9D15A783-3F8D-4502-A6D9-77C3789A05C8}.Release|x64.Deploy.0 = Release|x64
		{9D15A783-3F8D-4502-A6D9-77C3789A05C8}.Release|x86.ActiveCfg = Release|x86
		{9D15A783-3F8D-4502-A6D9-77C3789A05C8}.Release|x86.Build.0 = Release|x86
		{9D15A783-3F8D-4502-A6D9-77C3789A05C8}.Release|x86.Deploy.0 = Release|x86
	EndGlobalSection
	GlobalSection(SolutionProperties) = preSolution
		HideSolutionNode = FALSE
	EndGlobalSection
	GlobalSection(ExtensibilityGlobals) = postSolution
		SolutionGuid = {A7B77DEB-9051-4FB9-9AAB-F27E8364CAA0}
	EndGlobalSection
EndGlobal
